<?xml version="1.0" encoding="utf-8"?>
<Project ToolsVersion="4.0" xmlns="http://schemas.microsoft.com/developer/msbuild/2003">
  <ItemGroup>
    <Filter Include="Source Files">
      <UniqueIdentifier>{4FC737F1-C7A5-4376-A066-2A32D752A2FF}</UniqueIdentifier>
      <Extensions>cpp;c;cc;cxx;c++;cppm;ixx;def;odl;idl;hpj;bat;asm;asmx</Extensions>
    </Filter>
    <Filter Include="Header Files">
      <UniqueIdentifier>{93995380-89BD-4b04-88EB-625FBE52EBFB}</UniqueIdentifier>
      <Extensions>h;hh;hpp;hxx;h++;hm;inl;inc;ipp;xsd</Extensions>
    </Filter>
    <Filter Include="Resource Files">
      <UniqueIdentifier>{67DA6AB6-F800-4c08-8B7A-83BB121AAD01}</UniqueIdentifier>
      <Extensions>rc;ico;cur;bmp;dlg;rc2;rct;bin;rgs;gif;jpg;jpeg;jpe;resx;tiff;tif;png;wav;mfcribbon-ms</Extensions>
    </Filter>
    <Filter Include="cpp-terminal">
      <UniqueIdentifier>{c35e223a-ba79-4de2-a098-5c76595f101c}</UniqueIdentifier>
    </Filter>
  </ItemGroup>
  <ItemGroup>
    <ClCompile Include="main.cpp">
      <Filter>Source Files</Filter>
    </ClCompile>
    <ClCompile Include="cpp-terminal\base.cpp">
      <Filter>cpp-terminal</Filter>
    </ClCompile>
    <ClCompile Include="cpp-terminal\input.cpp">
      <Filter>cpp-terminal</Filter>
    </ClCompile>
    <ClCompile Include="cpp-terminal\private\platform.cpp">
      <Filter>cpp-terminal</Filter>
    </ClCompile>
    <ClCompile Include="cpp-terminal\prompt.cpp">
      <Filter>cpp-terminal</Filter>
    </ClCompile>
    <ClCompile Include="cpp-terminal\window.cpp">
      <Filter>cpp-terminal</Filter>
    </ClCompile>
  </ItemGroup>
  <ItemGroup>
    <ClInclude Include="cpp-terminal\window.hpp">
      <Filter>cpp-terminal</Filter>
    </ClInclude>
    <ClInclude Include="cpp-terminal\base.hpp">
      <Filter>cpp-terminal</Filter>
    </ClInclude>
    <ClInclude Include="conmanip.h">
      <Filter>cpp-terminal</Filter>
    </ClInclude>
    <ClInclude Include="cpp-terminal\private\conversion.hpp">
      <Filter>cpp-terminal</Filter>
    </ClInclude>
    <ClInclude Include="cpp-terminal\input.hpp">
      <Filter>cpp-terminal</Filter>
    </ClInclude>
    <ClInclude Include="cpp-terminal\private\macros.hpp">
      <Filter>cpp-terminal</Filter>
    </ClInclude>
    <ClInclude Include="cpp-terminal\private\platform.hpp">
      <Filter>cpp-terminal</Filter>
    </ClInclude>
    <ClInclude Include="cpp-terminal\prompt.hpp">
      <Filter>cpp-terminal</Filter>
    </ClInclude>
    <ClInclude Include="cpp-terminal\version.hpp">
      <Filter>cpp-terminal</Filter>
    </ClInclude>
    <ClInclude Include="Infliction.h">
      <Filter>Header Files</Filter>
    </ClInclude>
    <ClInclude Include="Includes.h">
      <Filter>Header Files</Filter>
    </ClInclude>
    <ClInclude Include="Combat.h">
      <Filter>Header Files</Filter>
    </ClInclude>
  </ItemGroup>
  <ItemGroup>
    <None Include="cpp-terminal\version.hpp.in" />
  </ItemGroup>
</Project>